
Microsoft Visual Studio Solution File, Format Version 12.00
# Visual Studio Version 17
VisualStudioVersion = 17.14.37411.7
MinimumVisualStudioVersion = 10.0.40219.1
Project("{FAE04EC0-301F-11D3-BF4B-00C04F79EFBC}") = "VbStyleAnalyzer", "VbStyleAnalyzer\VbStyleAnalyzer.csproj", "{20FCD824-70CF-4513-8CDB-7A2F5228B25A}"
EndProject
Project("{FAE04EC0-301F-11D3-BF4B-00C04F79EFBC}") = "VbStyleAnalyzer.Vsix", "VbStyleAnalyzer.Vsix\VbStyleAnalyzer.Vsix.csproj", "{EE584E67-868A-4314-9925-3F25620FA908}"
EndProject
Global
	GlobalSection(SolutionConfigurationPlatforms) = preSolution
		Debug|Any CPU = Debug|Any CPU
		Release|Any CPU = Release|Any CPU
	EndGlobalSection
	GlobalSection(ProjectConfigurationPlatforms) = postSolution
		{20FCD824-70CF-4513-8CDB-7A2F5228B25A}.Debug|Any CPU.ActiveCfg = Debug|Any CPU
		{20FCD824-70CF-4513-8CDB-7A2F5228B25A}.Debug|Any CPU.Build.0 = Debug|Any CPU
		{20FCD824-70CF-4513-8CDB-7A2F5228B25A}.Release|Any CPU.ActiveCfg = Release|Any CPU
		{20FCD824-70CF-4513-8CDB-7A2F5228B25A}.Release|Any CPU.Build.0 = Release|Any CPU
		{EE584E67-868A-4314-9925-3F25620FA908}.Debug|Any CPU.ActiveCfg = Debug|Any CPU
		{EE584E67-868A-4314-9925-3F25620FA908}.Debug|Any CPU.Build.0 = Debug|Any CPU
		{EE584E67-868A-4314-9925-3F25620FA908}.Release|Any CPU.ActiveCfg = Release|Any CPU
		{EE584E67-868A-4314-9925-3F25620FA908}.Release|Any CPU.Build.0 = Release|Any CPU
	EndGlobalSection
	GlobalSection(SolutionProperties) = preSolution
		HideSolutionNode = FALSE
	EndGlobalSection
	GlobalSection(ExtensibilityGlobals) = postSolution
		SolutionGuid = {5FEE334B-9EA9-4090-B7CB-1D5B4D706862}
	EndGlobalSection
EndGlobal
